{
    "requires": true,
    "lockfileVersion": 1,
    "dependencies": {
        "@ng-select/ng-select": {
            "version": "2.15.3",
            "resolved": "https://registry.npmjs.org/@ng-select/ng-select/-/ng-select-2.15.3.tgz",
            "integrity": "sha512-q0yA2iY4NHToi92Dw8115gxMhvXjsMgyNUwhE3cXFYMM0T6kX/q1puSHdQXlwd3ap0xTi+CmBZuvJpA/4WbEmw==",
            "requires": {
                "tslib": "^1.9.0"
            }
        },
        "tslib": {
            "version": "1.9.3",
            "resolved": "https://registry.npmjs.org/tslib/-/tslib-1.9.3.tgz",
            "integrity": "sha512-4krF8scpejhaOgqzBEcGM7yDIEfi0/8+8zDRZhNZZ2kjmHJ4hv3zCbQWxoJGz1iw5U0Jl0nma13xzHXcncMavQ=="
        }
    }
}
